// !$*UTF8*$!
{
	archiveVersion = 1;
	classes = {
	};
	objectVersion = 55;
	objects = {

/* Begin PBXBuildFile section */
		B031E99227A5E55300710C78 /* FSLWizardApp.swift in Sources */ = {isa = PBXBuildFile; fileRef = B031E99127A5E55300710C78 /* FSLWizardApp.swift */; };
		B031E99627A5E55500710C78 /* Assets.xcassets in Resources */ = {isa = PBXBuildFile; fileRef = B031E99527A5E55500710C78 /* Assets.xcassets */; };
		B031E99927A5E55500710C78 /* Preview Assets.xcassets in Resources */ = {isa = PBXBuildFile; fileRef = B031E99827A5E55500710C78 /* Preview Assets.xcassets */; };
		B031E9A327A5E55500710C78 /* FSLWizardTests.swift in Sources */ = {isa = PBXBuildFile; fileRef = B031E9A227A5E55500710C78 /* FSLWizardTests.swift */; };
		B031E9AD27A5E55500710C78 /* FSLWizardUITests.swift in Sources */ = {isa = PBXBuildFile; fileRef = B031E9AC27A5E55500710C78 /* FSLWizardUITests.swift */; };
		B031E9AF27A5E55500710C78 /* FSLWizardUITestsLaunchTests.swift in Sources */ = {isa = PBXBuildFile; fileRef = B031E9AE27A5E55500710C78 /* FSLWizardUITestsLaunchTests.swift */; };
		B07EAC7727AA1D8600238A83 /* CaptureSessionManager.swift in Sources */ = {isa = PBXBuildFile; fileRef = B07EAC7627AA1D8600238A83 /* CaptureSessionManager.swift */; };
		B07EAC7927AA21A100238A83 /* CaptureSessionManagerError.swift in Sources */ = {isa = PBXBuildFile; fileRef = B07EAC7827AA21A100238A83 /* CaptureSessionManagerError.swift */; };
		B07EAC7B27AA329800238A83 /* CGImage+.swift in Sources */ = {isa = PBXBuildFile; fileRef = B07EAC7A27AA329800238A83 /* CGImage+.swift */; };
		B07EAC7D27AA338100238A83 /* MCLCameraViewModel.swift in Sources */ = {isa = PBXBuildFile; fileRef = B07EAC7C27AA338100238A83 /* MCLCameraViewModel.swift */; };
		B07EAC7F27AA51DC00238A83 /* MCLCameraViewController.swift in Sources */ = {isa = PBXBuildFile; fileRef = B07EAC7E27AA51DC00238A83 /* MCLCameraViewController.swift */; };
		B07EAC8127AA52B900238A83 /* MCLCameraView.swift in Sources */ = {isa = PBXBuildFile; fileRef = B07EAC8027AA52B900238A83 /* MCLCameraView.swift */; };
		B07EAC8327AA52F600238A83 /* MCLCameraPreview.swift in Sources */ = {isa = PBXBuildFile; fileRef = B07EAC8227AA52F600238A83 /* MCLCameraPreview.swift */; };
		B07EAC8527AA545900238A83 /* MCLFingersOverlay.swift in Sources */ = {isa = PBXBuildFile; fileRef = B07EAC8427AA545900238A83 /* MCLFingersOverlay.swift */; };
		B0F1D0E527CD477C00112BAC /* ASL Classifier.mlmodel in Sources */ = {isa = PBXBuildFile; fileRef = B0F1D0E427CD477C00112BAC /* ASL Classifier.mlmodel */; };
		B0F1D0E727CD5A7700112BAC /* ASLalphabetClassifier_Half.mlmodel in Sources */ = {isa = PBXBuildFile; fileRef = B0F1D0E627CD5A7700112BAC /* ASLalphabetClassifier_Half.mlmodel */; };
		B0FE3E5227A5FFC600901C31 /* MCLSplashContentView.swift in Sources */ = {isa = PBXBuildFile; fileRef = B0FE3E5127A5FFC600901C31 /* MCLSplashContentView.swift */; };
		B0FE3E5527A600A900901C31 /* FSLWizardUI.framework in Frameworks */ = {isa = PBXBuildFile; fileRef = B0FE3E5427A600A900901C31 /* FSLWizardUI.framework */; };
		B0FE3E5627A600A900901C31 /* FSLWizardUI.framework in Embed Frameworks */ = {isa = PBXBuildFile; fileRef = B0FE3E5427A600A900901C31 /* FSLWizardUI.framework */; settings = {ATTRIBUTES = (CodeSignOnCopy, RemoveHeadersOnCopy, ); }; };
		B0FE3E5927A6011700901C31 /* MCLCameraContentView.swift in Sources */ = {isa = PBXBuildFile; fileRef = B0FE3E5827A6011700901C31 /* MCLCameraContentView.swift */; };
		B0FE3E5E27A6026C00901C31 /* MCLMainCoordinator.swift in Sources */ = {isa = PBXBuildFile; fileRef = B0FE3E5D27A6026C00901C31 /* MCLMainCoordinator.swift */; };
		B0FE3E6127A603D300901C31 /* Stinsen in Frameworks */ = {isa = PBXBuildFile; productRef = B0FE3E6027A603D300901C31 /* Stinsen */; };
		B0FE3E6327A604CE00901C31 /* MCLCameraCoordinator.swift in Sources */ = {isa = PBXBuildFile; fileRef = B0FE3E6227A604CE00901C31 /* MCLCameraCoordinator.swift */; };
/* End PBXBuildFile section */

/* Begin PBXContainerItemProxy section */
		B031E99F27A5E55500710C78 /* PBXContainerItemProxy */ = {
			isa = PBXContainerItemProxy;
			containerPortal = B031E98627A5E55300710C78 /* Project object */;
			proxyType = 1;
			remoteGlobalIDString = B031E98D27A5E55300710C78;
			remoteInfo = FSLWizard;
		};
		B031E9A927A5E55500710C78 /* PBXContainerItemProxy */ = {
			isa = PBXContainerItemProxy;
			containerPortal = B031E98627A5E55300710C78 /* Project object */;
			proxyType = 1;
			remoteGlobalIDString = B031E98D27A5E55300710C78;
			remoteInfo = FSLWizard;
		};
/* End PBXContainerItemProxy section */

/* Begin PBXCopyFilesBuildPhase section */
		B0FE3E5727A600A900901C31 /* Embed Frameworks */ = {
			isa = PBXCopyFilesBuildPhase;
			buildActionMask = 2147483647;
			dstPath = "";
			dstSubfolderSpec = 10;
			files = (
				B0FE3E5627A600A900901C31 /* FSLWizardUI.framework in Embed Frameworks */,
			);
			name = "Embed Frameworks";
			runOnlyForDeploymentPostprocessing = 0;
		};
/* End PBXCopyFilesBuildPhase section */

/* Begin PBXFileReference section */
		B031E98E27A5E55300710C78 /* FSLWizard.app */ = {isa = PBXFileReference; explicitFileType = wrapper.application; includeInIndex = 0; path = FSLWizard.app; sourceTree = BUILT_PRODUCTS_DIR; };
		B031E99127A5E55300710C78 /* FSLWizardApp.swift */ = {isa = PBXFileReference; lastKnownFileType = sourcecode.swift; path = FSLWizardApp.swift; sourceTree = "<group>"; };
		B031E99527A5E55500710C78 /* Assets.xcassets */ = {isa = PBXFileReference; lastKnownFileType = folder.assetcatalog; path = Assets.xcassets; sourceTree = "<group>"; };
		B031E99827A5E55500710C78 /* Preview Assets.xcassets */ = {isa = PBXFileReference; lastKnownFileType = folder.assetcatalog; path = "Preview Assets.xcassets"; sourceTree = "<group>"; };
		B031E99E27A5E55500710C78 /* FSLWizardTests.xctest */ = {isa = PBXFileReference; explicitFileType = wrapper.cfbundle; includeInIndex = 0; path = FSLWizardTests.xctest; sourceTree = BUILT_PRODUCTS_DIR; };
		B031E9A227A5E55500710C78 /* FSLWizardTests.swift */ = {isa = PBXFileReference; lastKnownFileType = sourcecode.swift; path = FSLWizardTests.swift; sourceTree = "<group>"; };
		B031E9A827A5E55500710C78 /* FSLWizardUITests.xctest */ = {isa = PBXFileReference; explicitFileType = wrapper.cfbundle; includeInIndex = 0; path = FSLWizardUITests.xctest; sourceTree = BUILT_PRODUCTS_DIR; };
		B031E9AC27A5E55500710C78 /* FSLWizardUITests.swift */ = {isa = PBXFileReference; lastKnownFileType = sourcecode.swift; path = FSLWizardUITests.swift; sourceTree = "<group>"; };
		B031E9AE27A5E55500710C78 /* FSLWizardUITestsLaunchTests.swift */ = {isa = PBXFileReference; lastKnownFileType = sourcecode.swift; path = FSLWizardUITestsLaunchTests.swift; sourceTree = "<group>"; };
		B07EAC7627AA1D8600238A83 /* CaptureSessionManager.swift */ = {isa = PBXFileReference; lastKnownFileType = sourcecode.swift; path = CaptureSessionManager.swift; sourceTree = "<group>"; };
		B07EAC7827AA21A100238A83 /* CaptureSessionManagerError.swift */ = {isa = PBXFileReference; lastKnownFileType = sourcecode.swift; path = CaptureSessionManagerError.swift; sourceTree = "<group>"; };
		B07EAC7A27AA329800238A83 /* CGImage+.swift */ = {isa = PBXFileReference; lastKnownFileType = sourcecode.swift; path = "CGImage+.swift"; sourceTree = "<group>"; };
		B07EAC7C27AA338100238A83 /* MCLCameraViewModel.swift */ = {isa = PBXFileReference; lastKnownFileType = sourcecode.swift; path = MCLCameraViewModel.swift; sourceTree = "<group>"; };
		B07EAC7E27AA51DC00238A83 /* MCLCameraViewController.swift */ = {isa = PBXFileReference; lastKnownFileType = sourcecode.swift; path = MCLCameraViewController.swift; sourceTree = "<group>"; };
		B07EAC8027AA52B900238A83 /* MCLCameraView.swift */ = {isa = PBXFileReference; lastKnownFileType = sourcecode.swift; path = MCLCameraView.swift; sourceTree = "<group>"; };
		B07EAC8227AA52F600238A83 /* MCLCameraPreview.swift */ = {isa = PBXFileReference; lastKnownFileType = sourcecode.swift; path = MCLCameraPreview.swift; sourceTree = "<group>"; };
		B07EAC8427AA545900238A83 /* MCLFingersOverlay.swift */ = {isa = PBXFileReference; lastKnownFileType = sourcecode.swift; path = MCLFingersOverlay.swift; sourceTree = "<group>"; };
		B0F1D0E427CD477C00112BAC /* ASL Classifier.mlmodel */ = {isa = PBXFileReference; lastKnownFileType = file.mlmodel; path = "ASL Classifier.mlmodel"; sourceTree = "<group>"; };
		B0F1D0E627CD5A7700112BAC /* ASLalphabetClassifier_Half.mlmodel */ = {isa = PBXFileReference; lastKnownFileType = file.mlmodel; path = ASLalphabetClassifier_Half.mlmodel; sourceTree = "<group>"; };
		B0FE3E5127A5FFC600901C31 /* MCLSplashContentView.swift */ = {isa = PBXFileReference; lastKnownFileType = sourcecode.swift; path = MCLSplashContentView.swift; sourceTree = "<group>"; };
		B0FE3E5427A600A900901C31 /* FSLWizardUI.framework */ = {isa = PBXFileReference; explicitFileType = wrapper.framework; path = FSLWizardUI.framework; sourceTree = BUILT_PRODUCTS_DIR; };
		B0FE3E5827A6011700901C31 /* MCLCameraContentView.swift */ = {isa = PBXFileReference; lastKnownFileType = sourcecode.swift; path = MCLCameraContentView.swift; sourceTree = "<group>"; };
		B0FE3E5D27A6026C00901C31 /* MCLMainCoordinator.swift */ = {isa = PBXFileReference; lastKnownFileType = sourcecode.swift; path = MCLMainCoordinator.swift; sourceTree = "<group>"; };
		B0FE3E6227A604CE00901C31 /* MCLCameraCoordinator.swift */ = {isa = PBXFileReference; lastKnownFileType = sourcecode.swift; path = MCLCameraCoordinator.swift; sourceTree = "<group>"; };
/* End PBXFileReference section */

/* Begin PBXFrameworksBuildPhase section */
		B031E98B27A5E55300710C78 /* Frameworks */ = {
			isa = PBXFrameworksBuildPhase;
			buildActionMask = 2147483647;
			files = (
				B0FE3E5527A600A900901C31 /* FSLWizardUI.framework in Frameworks */,
				B0FE3E6127A603D300901C31 /* Stinsen in Frameworks */,
			);
			runOnlyForDeploymentPostprocessing = 0;
		};
		B031E99B27A5E55500710C78 /* Frameworks */ = {
			isa = PBXFrameworksBuildPhase;
			buildActionMask = 2147483647;
			files = (
			);
			runOnlyForDeploymentPostprocessing = 0;
		};
		B031E9A527A5E55500710C78 /* Frameworks */ = {
			isa = PBXFrameworksBuildPhase;
			buildActionMask = 2147483647;
			files = (
			);
			runOnlyForDeploymentPostprocessing = 0;
		};
/* End PBXFrameworksBuildPhase section */

/* Begin PBXGroup section */
		B031E98527A5E55300710C78 = {
			isa = PBXGroup;
			children = (
				B031E99027A5E55300710C78 /* FSLWizard */,
				B031E9A127A5E55500710C78 /* FSLWizardTests */,
				B031E9AB27A5E55500710C78 /* FSLWizardUITests */,
				B031E98F27A5E55300710C78 /* Products */,
				B0FE3E5327A600A600901C31 /* Frameworks */,
			);
			sourceTree = "<group>";
		};
		B031E98F27A5E55300710C78 /* Products */ = {
			isa = PBXGroup;
			children = (
				B031E98E27A5E55300710C78 /* FSLWizard.app */,
				B031E99E27A5E55500710C78 /* FSLWizardTests.xctest */,
				B031E9A827A5E55500710C78 /* FSLWizardUITests.xctest */,
			);
			name = Products;
			sourceTree = "<group>";
		};
		B031E99027A5E55300710C78 /* FSLWizard */ = {
			isa = PBXGroup;
			children = (
				B07EAC7527AA1D7A00238A83 /* Service */,
				B0FE3E4D27A5FF2D00901C31 /* Protocol */,
				B0FE3E4A27A5FF1800901C31 /* Util */,
				B0FE3E4B27A5FF1C00901C31 /* Model */,
				B0FE3E4C27A5FF2400901C31 /* View */,
				B0FE3E4E27A5FF3700901C31 /* Scene */,
				B031E99127A5E55300710C78 /* FSLWizardApp.swift */,
				B0FE3E5D27A6026C00901C31 /* MCLMainCoordinator.swift */,
				B031E99527A5E55500710C78 /* Assets.xcassets */,
				B031E99727A5E55500710C78 /* Preview Content */,
			);
			path = FSLWizard;
			sourceTree = "<group>";
		};
		B031E99727A5E55500710C78 /* Preview Content */ = {
			isa = PBXGroup;
			children = (
				B031E99827A5E55500710C78 /* Preview Assets.xcassets */,
			);
			path = "Preview Content";
			sourceTree = "<group>";
		};
		B031E9A127A5E55500710C78 /* FSLWizardTests */ = {
			isa = PBXGroup;
			children = (
				B031E9A227A5E55500710C78 /* FSLWizardTests.swift */,
			);
			path = FSLWizardTests;
			sourceTree = "<group>";
		};
		B031E9AB27A5E55500710C78 /* FSLWizardUITests */ = {
			isa = PBXGroup;
			children = (
				B031E9AC27A5E55500710C78 /* FSLWizardUITests.swift */,
				B031E9AE27A5E55500710C78 /* FSLWizardUITestsLaunchTests.swift */,
			);
			path = FSLWizardUITests;
			sourceTree = "<group>";
		};
		B07EAC7527AA1D7A00238A83 /* Service */ = {
			isa = PBXGroup;
			children = (
				B07EAC7627AA1D8600238A83 /* CaptureSessionManager.swift */,
				B07EAC7827AA21A100238A83 /* CaptureSessionManagerError.swift */,
			);
			path = Service;
			sourceTree = "<group>";
		};
		B0FE3E4A27A5FF1800901C31 /* Util */ = {
			isa = PBXGroup;
			children = (
				B07EAC7A27AA329800238A83 /* CGImage+.swift */,
			);
			path = Util;
			sourceTree = "<group>";
		};
		B0FE3E4B27A5FF1C00901C31 /* Model */ = {
			isa = PBXGroup;
			children = (
				B0F1D0E427CD477C00112BAC /* ASL Classifier.mlmodel */,
				B0F1D0E627CD5A7700112BAC /* ASLalphabetClassifier_Half.mlmodel */,
			);
			path = Model;
			sourceTree = "<group>";
		};
		B0FE3E4C27A5FF2400901C31 /* View */ = {
			isa = PBXGroup;
			children = (
				B07EAC8427AA545900238A83 /* MCLFingersOverlay.swift */,
			);
			path = View;
			sourceTree = "<group>";
		};
		B0FE3E4D27A5FF2D00901C31 /* Protocol */ = {
			isa = PBXGroup;
			children = (
			);
			path = Protocol;
			sourceTree = "<group>";
		};
		B0FE3E4E27A5FF3700901C31 /* Scene */ = {
			isa = PBXGroup;
			children = (
				B0FE3E4F27A5FF7200901C31 /* Splash */,
				B0FE3E5027A5FF7800901C31 /* Main */,
			);
			path = Scene;
			sourceTree = "<group>";
		};
		B0FE3E4F27A5FF7200901C31 /* Splash */ = {
			isa = PBXGroup;
			children = (
				B0FE3E5127A5FFC600901C31 /* MCLSplashContentView.swift */,
			);
			path = Splash;
			sourceTree = "<group>";
		};
		B0FE3E5027A5FF7800901C31 /* Main */ = {
			isa = PBXGroup;
			children = (
				B07EAC7C27AA338100238A83 /* MCLCameraViewModel.swift */,
				B0FE3E5827A6011700901C31 /* MCLCameraContentView.swift */,
				B0FE3E6227A604CE00901C31 /* MCLCameraCoordinator.swift */,
				B07EAC7E27AA51DC00238A83 /* MCLCameraViewController.swift */,
				B07EAC8027AA52B900238A83 /* MCLCameraView.swift */,
				B07EAC8227AA52F600238A83 /* MCLCameraPreview.swift */,
			);
			path = Main;
			sourceTree = "<group>";
		};
		B0FE3E5327A600A600901C31 /* Frameworks */ = {
			isa = PBXGroup;
			children = (
				B0FE3E5427A600A900901C31 /* FSLWizardUI.framework */,
			);
			name = Frameworks;
			sourceTree = "<group>";
		};
/* End PBXGroup section */

/* Begin PBXNativeTarget section */
		B031E98D27A5E55300710C78 /* FSLWizard */ = {
			isa = PBXNativeTarget;
			buildConfigurationList = B031E9B227A5E55500710C78 /* Build configuration list for PBXNativeTarget "FSLWizard" */;
			buildPhases = (
				B031E98A27A5E55300710C78 /* Sources */,
				B031E98B27A5E55300710C78 /* Frameworks */,
				B031E98C27A5E55300710C78 /* Resources */,
				B0FE3E5727A600A900901C31 /* Embed Frameworks */,
			);
			buildRules = (
			);
			dependencies = (
			);
			name = FSLWizard;
			packageProductDependencies = (
				B0FE3E6027A603D300901C31 /* Stinsen */,
			);
			productName = FSLWizard;
			productReference = B031E98E27A5E55300710C78 /* FSLWizard.app */;
			productType = "com.apple.product-type.application";
		};
		B031E99D27A5E55500710C78 /* FSLWizardTests */ = {
			isa = PBXNativeTarget;
			buildConfigurationList = B031E9B527A5E55500710C78 /* Build configuration list for PBXNativeTarget "FSLWizardTests" */;
			buildPhases = (
				B031E99A27A5E55500710C78 /* Sources */,
				B031E99B27A5E55500710C78 /* Frameworks */,
				B031E99C27A5E55500710C78 /* Resources */,
			);
			buildRules = (
			);
			dependencies = (
				B031E9A027A5E55500710C78 /* PBXTargetDependency */,
			);
			name = FSLWizardTests;
			productName = FSLWizardTests;
			productReference = B031E99E27A5E55500710C78 /* FSLWizardTests.xctest */;
			productType = "com.apple.product-type.bundle.unit-test";
		};
		B031E9A727A5E55500710C78 /* FSLWizardUITests */ = {
			isa = PBXNativeTarget;
			buildConfigurationList = B031E9B827A5E55500710C78 /* Build configuration list for PBXNativeTarget "FSLWizardUITests" */;
			buildPhases = (
				B031E9A427A5E55500710C78 /* Sources */,
				B031E9A527A5E55500710C78 /* Frameworks */,
				B031E9A627A5E55500710C78 /* Resources */,
			);
			buildRules = (
			);
			dependencies = (
				B031E9AA27A5E55500710C78 /* PBXTargetDependency */,
			);
			name = FSLWizardUITests;
			productName = FSLWizardUITests;
			productReference = B031E9A827A5E55500710C78 /* FSLWizardUITests.xctest */;
			productType = "com.apple.product-type.bundle.ui-testing";
		};
/* End PBXNativeTarget section */

/* Begin PBXProject section */
		B031E98627A5E55300710C78 /* Project object */ = {
			isa = PBXProject;
			attributes = {
				BuildIndependentTargetsInParallel = 1;
				CLASSPREFIX = MCL;
				LastSwiftUpdateCheck = 1320;
				LastUpgradeCheck = 1320;
				ORGANIZATIONNAME = "Malayan Colleges Laguna";
				TargetAttributes = {
					B031E98D27A5E55300710C78 = {
						CreatedOnToolsVersion = 13.2.1;
					};
					B031E99D27A5E55500710C78 = {
						CreatedOnToolsVersion = 13.2.1;
						TestTargetID = B031E98D27A5E55300710C78;
					};
					B031E9A727A5E55500710C78 = {
						CreatedOnToolsVersion = 13.2.1;
						TestTargetID = B031E98D27A5E55300710C78;
					};
				};
			};
			buildConfigurationList = B031E98927A5E55300710C78 /* Build configuration list for PBXProject "FSLWizard" */;
			compatibilityVersion = "Xcode 13.0";
			developmentRegion = en;
			hasScannedForEncodings = 0;
			knownRegions = (
				en,
				Base,
			);
			mainGroup = B031E98527A5E55300710C78;
			packageReferences = (
				B0FE3E5F27A603D300901C31 /* XCRemoteSwiftPackageReference "stinsen" */,
			);
			productRefGroup = B031E98F27A5E55300710C78 /* Products */;
			projectDirPath = "";
			projectRoot = "";
			targets = (
				B031E98D27A5E55300710C78 /* FSLWizard */,
				B031E99D27A5E55500710C78 /* FSLWizardTests */,
				B031E9A727A5E55500710C78 /* FSLWizardUITests */,
			);
		};
/* End PBXProject section */

/* Begin PBXResourcesBuildPhase section */
		B031E98C27A5E55300710C78 /* Resources */ = {
			isa = PBXResourcesBuildPhase;
			buildActionMask = 2147483647;
			files = (
				B031E99927A5E55500710C78 /* Preview Assets.xcassets in Resources */,
				B031E99627A5E55500710C78 /* Assets.xcassets in Resources */,
			);
			runOnlyForDeploymentPostprocessing = 0;
		};
		B031E99C27A5E55500710C78 /* Resources */ = {
			isa = PBXResourcesBuildPhase;
			buildActionMask = 2147483647;
			files = (
			);
			runOnlyForDeploymentPostprocessing = 0;
		};
		B031E9A627A5E55500710C78 /* Resources */ = {
			isa = PBXResourcesBuildPhase;
			buildActionMask = 2147483647;
			files = (
			);
			runOnlyForDeploymentPostprocessing = 0;
		};
/* End PBXResourcesBuildPhase section */

/* Begin PBXSourcesBuildPhase section */
		B031E98A27A5E55300710C78 /* Sources */ = {
			isa = PBXSourcesBuildPhase;
			buildActionMask = 2147483647;
			files = (
				B0FE3E5E27A6026C00901C31 /* MCLMainCoordinator.swift in Sources */,
				B07EAC8527AA545900238A83 /* MCLFingersOverlay.swift in Sources */,
				B07EAC7B27AA329800238A83 /* CGImage+.swift in Sources */,
				B0F1D0E527CD477C00112BAC /* ASL Classifier.mlmodel in Sources */,
				B0FE3E5927A6011700901C31 /* MCLCameraContentView.swift in Sources */,
				B07EAC8127AA52B900238A83 /* MCLCameraView.swift in Sources */,
				B07EAC7727AA1D8600238A83 /* CaptureSessionManager.swift in Sources */,
				B0FE3E5227A5FFC600901C31 /* MCLSplashContentView.swift in Sources */,
				B07EAC7D27AA338100238A83 /* MCLCameraViewModel.swift in Sources */,
				B0FE3E6327A604CE00901C31 /* MCLCameraCoordinator.swift in Sources */,
				B07EAC8327AA52F600238A83 /* MCLCameraPreview.swift in Sources */,
				B07EAC7927AA21A100238A83 /* CaptureSessionManagerError.swift in Sources */,
				B07EAC7F27AA51DC00238A83 /* MCLCameraViewController.swift in Sources */,
				B0F1D0E727CD5A7700112BAC /* ASLalphabetClassifier_Half.mlmodel in Sources */,
				B031E99227A5E55300710C78 /* FSLWizardApp.swift in Sources */,
			);
			runOnlyForDeploymentPostprocessing = 0;
		};
		B031E99A27A5E55500710C78 /* Sources */ = {
			isa = PBXSourcesBuildPhase;
			buildActionMask = 2147483647;
			files = (
				B031E9A327A5E55500710C78 /* FSLWizardTests.swift in Sources */,
			);
			runOnlyForDeploymentPostprocessing = 0;
		};
		B031E9A427A5E55500710C78 /* Sources */ = {
			isa = PBXSourcesBuildPhase;
			buildActionMask = 2147483647;
			files = (
				B031E9AD27A5E55500710C78 /* FSLWizardUITests.swift in Sources */,
				B031E9AF27A5E55500710C78 /* FSLWizardUITestsLaunchTests.swift in Sources */,
			);
			runOnlyForDeploymentPostprocessing = 0;
		};
/* End PBXSourcesBuildPhase section */

/* Begin PBXTargetDependency section */
		B031E9A027A5E55500710C78 /* PBXTargetDependency */ = {
			isa = PBXTargetDependency;
			target = B031E98D27A5E55300710C78 /* FSLWizard */;
			targetProxy = B031E99F27A5E55500710C78 /* PBXContainerItemProxy */;
		};
		B031E9AA27A5E55500710C78 /* PBXTargetDependency */ = {
			isa = PBXTargetDependency;
			target = B031E98D27A5E55300710C78 /* FSLWizard */;
			targetProxy = B031E9A927A5E55500710C78 /* PBXContainerItemProxy */;
		};
/* End PBXTargetDependency section */

/* Begin XCBuildConfiguration section */
		B031E9B027A5E55500710C78 /* Debug */ = {
			isa = XCBuildConfiguration;
			buildSettings = {
				ALWAYS_SEARCH_USER_PATHS = NO;
				CLANG_ANALYZER_NONNULL = YES;
				CLANG_ANALYZER_NUMBER_OBJECT_CONVERSION = YES_AGGRESSIVE;
				CLANG_CXX_LANGUAGE_STANDARD = "gnu++17";
				CLANG_CXX_LIBRARY = "libc++";
				CLANG_ENABLE_MODULES = YES;
				CLANG_ENABLE_OBJC_ARC = YES;
				CLANG_ENABLE_OBJC_WEAK = YES;
				CLANG_WARN_BLOCK_CAPTURE_AUTORELEASING = YES;
				CLANG_WARN_BOOL_CONVERSION = YES;
				CLANG_WARN_COMMA = YES;
				CLANG_WARN_CONSTANT_CONVERSION = YES;
				CLANG_WARN_DEPRECATED_OBJC_IMPLEMENTATIONS = YES;
				CLANG_WARN_DIRECT_OBJC_ISA_USAGE = YES_ERROR;
				CLANG_WARN_DOCUMENTATION_COMMENTS = YES;
				CLANG_WARN_EMPTY_BODY = YES;
				CLANG_WARN_ENUM_CONVERSION = YES;
				CLANG_WARN_INFINITE_RECURSION = YES;
				CLANG_WARN_INT_CONVERSION = YES;
				CLANG_WARN_NON_LITERAL_NULL_CONVERSION = YES;
				CLANG_WARN_OBJC_IMPLICIT_RETAIN_SELF = YES;
				CLANG_WARN_OBJC_LITERAL_CONVERSION = YES;
				CLANG_WARN_OBJC_ROOT_CLASS = YES_ERROR;
				CLANG_WARN_QUOTED_INCLUDE_IN_FRAMEWORK_HEADER = YES;
				CLANG_WARN_RANGE_LOOP_ANALYSIS = YES;
				CLANG_WARN_STRICT_PROTOTYPES = YES;
				CLANG_WARN_SUSPICIOUS_MOVE = YES;
				CLANG_WARN_UNGUARDED_AVAILABILITY = YES_AGGRESSIVE;
				CLANG_WARN_UNREACHABLE_CODE = YES;
				CLANG_WARN__DUPLICATE_METHOD_MATCH = YES;
				COPY_PHASE_STRIP = NO;
				DEBUG_INFORMATION_FORMAT = dwarf;
				ENABLE_STRICT_OBJC_MSGSEND = YES;
				ENABLE_TESTABILITY = YES;
				GCC_C_LANGUAGE_STANDARD = gnu11;
				GCC_DYNAMIC_NO_PIC = NO;
				GCC_NO_COMMON_BLOCKS = YES;
				GCC_OPTIMIZATION_LEVEL = 0;
				GCC_PREPROCESSOR_DEFINITIONS = (
					"DEBUG=1",
					"$(inherited)",
				);
				GCC_WARN_64_TO_32_BIT_CONVERSION = YES;
				GCC_WARN_ABOUT_RETURN_TYPE = YES_ERROR;
				GCC_WARN_UNDECLARED_SELECTOR = YES;
				GCC_WARN_UNINITIALIZED_AUTOS = YES_AGGRESSIVE;
				GCC_WARN_UNUSED_FUNCTION = YES;
				GCC_WARN_UNUSED_VARIABLE = YES;
				IPHONEOS_DEPLOYMENT_TARGET = 15.2;
				MTL_ENABLE_DEBUG_INFO = INCLUDE_SOURCE;
				MTL_FAST_MATH = YES;
				ONLY_ACTIVE_ARCH = YES;
				SDKROOT = iphoneos;
				SWIFT_ACTIVE_COMPILATION_CONDITIONS = DEBUG;
				SWIFT_OPTIMIZATION_LEVEL = "-Onone";
			};
			name = Debug;
		};
		B031E9B127A5E55500710C78 /* Release */ = {
			isa = XCBuildConfiguration;
			buildSettings = {
				ALWAYS_SEARCH_USER_PATHS = NO;
				CLANG_ANALYZER_NONNULL = YES;
				CLANG_ANALYZER_NUMBER_OBJECT_CONVERSION = YES_AGGRESSIVE;
				CLANG_CXX_LANGUAGE_STANDARD = "gnu++17";
				CLANG_CXX_LIBRARY = "libc++";
				CLANG_ENABLE_MODULES = YES;
				CLANG_ENABLE_OBJC_ARC = YES;
				CLANG_ENABLE_OBJC_WEAK = YES;
				CLANG_WARN_BLOCK_CAPTURE_AUTORELEASING = YES;
				CLANG_WARN_BOOL_CONVERSION = YES;
				CLANG_WARN_COMMA = YES;
				CLANG_WARN_CONSTANT_CONVERSION = YES;
				CLANG_WARN_DEPRECATED_OBJC_IMPLEMENTATIONS = YES;
				CLANG_WARN_DIRECT_OBJC_ISA_USAGE = YES_ERROR;
				CLANG_WARN_DOCUMENTATION_COMMENTS = YES;
				CLANG_WARN_EMPTY_BODY = YES;
				CLANG_WARN_ENUM_CONVERSION = YES;
				CLANG_WARN_INFINITE_RECURSION = YES;
				CLANG_WARN_INT_CONVERSION = YES;
				CLANG_WARN_NON_LITERAL_NULL_CONVERSION = YES;
				CLANG_WARN_OBJC_IMPLICIT_RETAIN_SELF = YES;
				CLANG_WARN_OBJC_LITERAL_CONVERSION = YES;
				CLANG_WARN_OBJC_ROOT_CLASS = YES_ERROR;
				CLANG_WARN_QUOTED_INCLUDE_IN_FRAMEWORK_HEADER = YES;
				CLANG_WARN_RANGE_LOOP_ANALYSIS = YES;
				CLANG_WARN_STRICT_PROTOTYPES = YES;
				CLANG_WARN_SUSPICIOUS_MOVE = YES;
				CLANG_WARN_UNGUARDED_AVAILABILITY = YES_AGGRESSIVE;
				CLANG_WARN_UNREACHABLE_CODE = YES;
				CLANG_WARN__DUPLICATE_METHOD_MATCH = YES;
				COPY_PHASE_STRIP = NO;
				DEBUG_INFORMATION_FORMAT = "dwarf-with-dsym";
				ENABLE_NS_ASSERTIONS = NO;
				ENABLE_STRICT_OBJC_MSGSEND = YES;
				GCC_C_LANGUAGE_STANDARD = gnu11;
				GCC_NO_COMMON_BLOCKS = YES;
				GCC_WARN_64_TO_32_BIT_CONVERSION = YES;
				GCC_WARN_ABOUT_RETURN_TYPE = YES_ERROR;
				GCC_WARN_UNDECLARED_SELECTOR = YES;
				GCC_WARN_UNINITIALIZED_AUTOS = YES_AGGRESSIVE;
				GCC_WARN_UNUSED_FUNCTION = YES;
				GCC_WARN_UNUSED_VARIABLE = YES;
				IPHONEOS_DEPLOYMENT_TARGET = 15.2;
				MTL_ENABLE_DEBUG_INFO = NO;
				MTL_FAST_MATH = YES;
				SDKROOT = iphoneos;
				SWIFT_COMPILATION_MODE = wholemodule;
				SWIFT_OPTIMIZATION_LEVEL = "-O";
				VALIDATE_PRODUCT = YES;
			};
			name = Release;
		};
		B031E9B327A5E55500710C78 /* Debug */ = {
			isa = XCBuildConfiguration;
			buildSettings = {
				ASSETCATALOG_COMPILER_APPICON_NAME = AppIcon;
				ASSETCATALOG_COMPILER_GLOBAL_ACCENT_COLOR_NAME = AccentColor;
				CODE_SIGN_STYLE = Automatic;
				CURRENT_PROJECT_VERSION = 1;
				DEVELOPMENT_ASSET_PATHS = "\"FSLWizard/Preview Content\"";
				DEVELOPMENT_TEAM = 59DTPWDE56;
				ENABLE_PREVIEWS = YES;
				GENERATE_INFOPLIST_FILE = YES;
				INFOPLIST_KEY_NSCameraUsageDescription = "This app needs the camera to detectsign language";
				INFOPLIST_KEY_UIApplicationSceneManifest_Generation = YES;
				INFOPLIST_KEY_UIApplicationSupportsIndirectInputEvents = YES;
				INFOPLIST_KEY_UILaunchScreen_Generation = YES;
				INFOPLIST_KEY_UISupportedInterfaceOrientations_iPad = "UIInterfaceOrientationPortrait UIInterfaceOrientationPortraitUpsideDown UIInterfaceOrientationLandscapeLeft UIInterfaceOrientationLandscapeRight";
				INFOPLIST_KEY_UISupportedInterfaceOrientations_iPhone = "UIInterfaceOrientationPortrait UIInterfaceOrientationLandscapeLeft UIInterfaceOrientationLandscapeRight";
				LD_RUNPATH_SEARCH_PATHS = (
					"$(inherited)",
					"@executable_path/Frameworks",
				);
				MARKETING_VERSION = 1.0;
				PRODUCT_BUNDLE_IDENTIFIER = ph.edu.mcl.FSLWizard;
				PRODUCT_NAME = "$(TARGET_NAME)";
				SWIFT_EMIT_LOC_STRINGS = YES;
				SWIFT_VERSION = 5.0;
				TARGETED_DEVICE_FAMILY = "1,2";
			};
			name = Debug;
		};
		B031E9B427A5E55500710C78 /* Release */ = {
			isa = XCBuildConfiguration;
			buildSettings = {
				ASSETCATALOG_COMPILER_APPICON_NAME = AppIcon;
				ASSETCATALOG_COMPILER_GLOBAL_ACCENT_COLOR_NAME = AccentColor;
				CODE_SIGN_STYLE = Automatic;
				CURRENT_PROJECT_VERSION = 1;
				DEVELOPMENT_ASSET_PATHS = "\"FSLWizard/Preview Content\"";
				DEVELOPMENT_TEAM = 59DTPWDE56;
				ENABLE_PREVIEWS = YES;
				GENERATE_INFOPLIST_FILE = YES;
				INFOPLIST_KEY_NSCameraUsageDescription = "This app needs the camera to detectsign language";
				INFOPLIST_KEY_UIApplicationSceneManifest_Generation = YES;
				INFOPLIST_KEY_UIApplicationSupportsIndirectInputEvents = YES;
				INFOPLIST_KEY_UILaunchScreen_Generation = YES;
				INFOPLIST_KEY_UISupportedInterfaceOrientations_iPad = "UIInterfaceOrientationPortrait UIInterfaceOrientationPortraitUpsideDown UIInterfaceOrientationLandscapeLeft UIInterfaceOrientationLandscapeRight";
				INFOPLIST_KEY_UISupportedInterfaceOrientations_iPhone = "UIInterfaceOrientationPortrait UIInterfaceOrientationLandscapeLeft UIInterfaceOrientationLandscapeRight";
				LD_RUNPATH_SEARCH_PATHS = (
					"$(inherited)",
					"@executable_path/Frameworks",
				);
				MARKETING_VERSION = 1.0;
				PRODUCT_BUNDLE_IDENTIFIER = ph.edu.mcl.FSLWizard;
				PRODUCT_NAME = "$(TARGET_NAME)";
				SWIFT_EMIT_LOC_STRINGS = YES;
				SWIFT_VERSION = 5.0;
				TARGETED_DEVICE_FAMILY = "1,2";
			};
			name = Release;
		};
		B031E9B627A5E55500710C78 /* Debug */ = {
			isa = XCBuildConfiguration;
			buildSettings = {
				ALWAYS_EMBED_SWIFT_STANDARD_LIBRARIES = YES;
				BUNDLE_LOADER = "$(TEST_HOST)";
				CODE_SIGN_STYLE = Automatic;
				CURRENT_PROJECT_VERSION = 1;
				DEVELOPMENT_TEAM = 59DTPWDE56;
				GENERATE_INFOPLIST_FILE = YES;
				IPHONEOS_DEPLOYMENT_TARGET = 15.2;
				MARKETING_VERSION = 1.0;
				PRODUCT_BUNDLE_IDENTIFIER = ph.edu.mcl.FSLWizardTests;
				PRODUCT_NAME = "$(TARGET_NAME)";
				SWIFT_EMIT_LOC_STRINGS = NO;
				SWIFT_VERSION = 5.0;
				TARGETED_DEVICE_FAMILY = "1,2";
				TEST_HOST = "$(BUILT_PRODUCTS_DIR)/FSLWizard.app/FSLWizard";
			};
			name = Debug;
		};
		B031E9B727A5E55500710C78 /* Release */ = {
			isa = XCBuildConfiguration;
			buildSettings = {
				ALWAYS_EMBED_SWIFT_STANDARD_LIBRARIES = YES;
				BUNDLE_LOADER = "$(TEST_HOST)";
				CODE_SIGN_STYLE = Automatic;
				CURRENT_PROJECT_VERSION = 1;
				DEVELOPMENT_TEAM = 59DTPWDE56;
				GENERATE_INFOPLIST_FILE = YES;
				IPHONEOS_DEPLOYMENT_TARGET = 15.2;
				MARKETING_VERSION = 1.0;
				PRODUCT_BUNDLE_IDENTIFIER = ph.edu.mcl.FSLWizardTests;
				PRODUCT_NAME = "$(TARGET_NAME)";
				SWIFT_EMIT_LOC_STRINGS = NO;
				SWIFT_VERSION = 5.0;
				TARGETED_DEVICE_FAMILY = "1,2";
				TEST_HOST = "$(BUILT_PRODUCTS_DIR)/FSLWizard.app/FSLWizard";
			};
			name = Release;
		};
		B031E9B927A5E55500710C78 /* Debug */ = {
			isa = XCBuildConfiguration;
			buildSettings = {
				ALWAYS_EMBED_SWIFT_STANDARD_LIBRARIES = YES;
				CODE_SIGN_STYLE = Automatic;
				CURRENT_PROJECT_VERSION = 1;
				DEVELOPMENT_TEAM = 59DTPWDE56;
				GENERATE_INFOPLIST_FILE = YES;
				MARKETING_VERSION = 1.0;
				PRODUCT_BUNDLE_IDENTIFIER = ph.edu.mcl.FSLWizardUITests;
				PRODUCT_NAME = "$(TARGET_NAME)";
				SWIFT_EMIT_LOC_STRINGS = NO;
				SWIFT_VERSION = 5.0;
				TARGETED_DEVICE_FAMILY = "1,2";
				TEST_TARGET_NAME = FSLWizard;
			};
			name = Debug;
		};
		B031E9BA27A5E55500710C78 /* Release */ = {
			isa = XCBuildConfiguration;
			buildSettings = {
				ALWAYS_EMBED_SWIFT_STANDARD_LIBRARIES = YES;
				CODE_SIGN_STYLE = Automatic;
				CURRENT_PROJECT_VERSION = 1;
				DEVELOPMENT_TEAM = 59DTPWDE56;
				GENERATE_INFOPLIST_FILE = YES;
				MARKETING_VERSION = 1.0;
				PRODUCT_BUNDLE_IDENTIFIER = ph.edu.mcl.FSLWizardUITests;
				PRODUCT_NAME = "$(TARGET_NAME)";
				SWIFT_EMIT_LOC_STRINGS = NO;
				SWIFT_VERSION = 5.0;
				TARGETED_DEVICE_FAMILY = "1,2";
				TEST_TARGET_NAME = FSLWizard;
			};
			name = Release;
		};
/* End XCBuildConfiguration section */

/* Begin XCConfigurationList section */
		B031E98927A5E55300710C78 /* Build configuration list for PBXProject "FSLWizard" */ = {
			isa = XCConfigurationList;
			buildConfigurations = (
				B031E9B027A5E55500710C78 /* Debug */,
				B031E9B127A5E55500710C78 /* Release */,
			);
			defaultConfigurationIsVisible = 0;
			defaultConfigurationName = Release;
		};
		B031E9B227A5E55500710C78 /* Build configuration list for PBXNativeTarget "FSLWizard" */ = {
			isa = XCConfigurationList;
			buildConfigurations = (
				B031E9B327A5E55500710C78 /* Debug */,
				B031E9B427A5E55500710C78 /* Release */,
			);
			defaultConfigurationIsVisible = 0;
			defaultConfigurationName = Release;
		};
		B031E9B527A5E55500710C78 /* Build configuration list for PBXNativeTarget "FSLWizardTests" */ = {
			isa = XCConfigurationList;
			buildConfigurations = (
				B031E9B627A5E55500710C78 /* Debug */,
				B031E9B727A5E55500710C78 /* Release */,
			);
			defaultConfigurationIsVisible = 0;
			defaultConfigurationName = Release;
		};
		B031E9B827A5E55500710C78 /* Build configuration list for PBXNativeTarget "FSLWizardUITests" */ = {
			isa = XCConfigurationList;
			buildConfigurations = (
				B031E9B927A5E55500710C78 /* Debug */,
				B031E9BA27A5E55500710C78 /* Release */,
			);
			defaultConfigurationIsVisible = 0;
			defaultConfigurationName = Release;
		};
/* End XCConfigurationList section */

/* Begin XCRemoteSwiftPackageReference section */
		B0FE3E5F27A603D300901C31 /* XCRemoteSwiftPackageReference "stinsen" */ = {
			isa = XCRemoteSwiftPackageReference;
			repositoryURL = "https://github.com/rundfunk47/stinsen";
			requirement = {
				kind = upToNextMinorVersion;
				minimumVersion = 2.0.0;
			};
		};
/* End XCRemoteSwiftPackageReference section */

/* Begin XCSwiftPackageProductDependency section */
		B0FE3E6027A603D300901C31 /* Stinsen */ = {
			isa = XCSwiftPackageProductDependency;
			package = B0FE3E5F27A603D300901C31 /* XCRemoteSwiftPackageReference "stinsen" */;
			productName = Stinsen;
		};
/* End XCSwiftPackageProductDependency section */
	};
	rootObject = B031E98627A5E55300710C78 /* Project object */;
}
